
Microsoft Visual Studio Solution File, Format Version 12.00
# Visual Studio Version 16
VisualStudioVersion = 16.0.31424.327
MinimumVisualStudioVersion = 10.0.40219.1
Project("{9A19103F-16F7-4668-BE54-9A1E7A4F7556}") = "GrafanaEdnaApi", "src\GrafanaEdnaApi\GrafanaEdnaApi.csproj", "{74354A0F-9823-4911-8A3D-3AC6B94DCEBF}"
EndProject
Project("{9A19103F-16F7-4668-BE54-9A1E7A4F7556}") = "EdnaUtils", "src\EdnaUtils\EdnaUtils.csproj", "{A16238D5-124D-4806-8084-7ACBA744F3E2}"
EndProject
Project("{2150E333-8FDC-42A3-9474-1A3956D46DE8}") = "Solution Items", "Solution Items", "{DB269964-EF92-418B-8478-AD75E842444F}"
	ProjectSection(SolutionItems) = preProject
		README.md = README.md
	EndProjectSection
EndProject
Project("{FAE04EC0-301F-11D3-BF4B-00C04F79EFBC}") = "GrafanaCore", "src\GrafanaCore\GrafanaCore.csproj", "{7AC80BC0-5BBA-4CE7-9885-5ABC4F792B64}"
EndProject
Global
	GlobalSection(SolutionConfigurationPlatforms) = preSolution
		Debug|Any CPU = Debug|Any CPU
		Release|Any CPU = Release|Any CPU
	EndGlobalSection
	GlobalSection(ProjectConfigurationPlatforms) = postSolution
		{74354A0F-9823-4911-8A3D-3AC6B94DCEBF}.Debug|Any CPU.ActiveCfg = Debug|Any CPU
		{74354A0F-9823-4911-8A3D-3AC6B94DCEBF}.Debug|Any CPU.Build.0 = Debug|Any CPU
		{74354A0F-9823-4911-8A3D-3AC6B94DCEBF}.Release|Any CPU.ActiveCfg = Release|Any CPU
		{74354A0F-9823-4911-8A3D-3AC6B94DCEBF}.Release|Any CPU.Build.0 = Release|Any CPU
		{A16238D5-124D-4806-8084-7ACBA744F3E2}.Debug|Any CPU.ActiveCfg = Debug|Any CPU
		{A16238D5-124D-4806-8084-7ACBA744F3E2}.Debug|Any CPU.Build.0 = Debug|Any CPU
		{A16238D5-124D-4806-8084-7ACBA744F3E2}.Release|Any CPU.ActiveCfg = Release|Any CPU
		{A16238D5-124D-4806-8084-7ACBA744F3E2}.Release|Any CPU.Build.0 = Release|Any CPU
		{7AC80BC0-5BBA-4CE7-9885-5ABC4F792B64}.Debug|Any CPU.ActiveCfg = Debug|Any CPU
		{7AC80BC0-5BBA-4CE7-9885-5ABC4F792B64}.Debug|Any CPU.Build.0 = Debug|Any CPU
		{7AC80BC0-5BBA-4CE7-9885-5ABC4F792B64}.Release|Any CPU.ActiveCfg = Release|Any CPU
		{7AC80BC0-5BBA-4CE7-9885-5ABC4F792B64}.Release|Any CPU.Build.0 = Release|Any CPU
	EndGlobalSection
	GlobalSection(SolutionProperties) = preSolution
		HideSolutionNode = FALSE
	EndGlobalSection
	GlobalSection(ExtensibilityGlobals) = postSolution
		SolutionGuid = {04D31BF7-2D0E-4C2C-A3DB-434A27DC343F}
	EndGlobalSection
EndGlobal
